<?xml version="1.0" encoding="utf-8"?>
<Project ToolsVersion="4.0" xmlns="http://schemas.microsoft.com/developer/msbuild/2003">
  <ItemGroup>
    <Filter Include="Source Files">
      <UniqueIdentifier>{4FC737F1-C7A5-4376-A066-2A32D752A2FF}</UniqueIdentifier>
      <Extensions>cpp;c;cc;cxx;def;odl;idl;hpj;bat;asm;asmx</Extensions>
    </Filter>
    <Filter Include="Header Files">
      <UniqueIdentifier>{93995380-89BD-4b04-88EB-625FBE52EBFB}</UniqueIdentifier>
      <Extensions>h;hh;hpp;hxx;hm;inl;inc;xsd</Extensions>
    </Filter>
    <Filter Include="Resource Files">
      <UniqueIdentifier>{67DA6AB6-F800-4c08-8B7A-83BB121AAD01}</UniqueIdentifier>
      <Extensions>rc;ico;cur;bmp;dlg;rc2;rct;bin;rgs;gif;jpg;jpeg;jpe;resx;tiff;tif;png;wav;mfcribbon-ms</Extensions>
    </Filter>
    <Filter Include="Source Files\Core">
      <UniqueIdentifier>{ada1b884-1b24-413b-99f2-04d13797b90a}</UniqueIdentifier>
    </Filter>
    <Filter Include="Header Files\Core">
      <UniqueIdentifier>{bc30d353-92f8-4d30-8471-220c39d736b5}</UniqueIdentifier>
    </Filter>
    <Filter Include="Header Files\Core\Texture">
      <UniqueIdentifier>{3fd94935-e750-4b2e-bc02-74bd958e3548}</UniqueIdentifier>
    </Filter>
    <Filter Include="Source Files\Core\Texture">
      <UniqueIdentifier>{6f0a6b13-7ab8-414e-9721-1ce11f027372}</UniqueIdentifier>
    </Filter>
    <Filter Include="Source Files\Core\State">
      <UniqueIdentifier>{8c9f3624-7583-4c74-bab0-906d55366b41}</UniqueIdentifier>
    </Filter>
    <Filter Include="Header Files\Core\State">
      <UniqueIdentifier>{7d526715-d51c-4641-a926-a313dc75ec1b}</UniqueIdentifier>
    </Filter>
    <Filter Include="Source Files\Core\Event">
      <UniqueIdentifier>{aa912109-28c2-4ec4-a2fc-32fc1233db9f}</UniqueIdentifier>
    </Filter>
    <Filter Include="Header Files\Core\Event">
      <UniqueIdentifier>{74354dea-659a-4bbc-a140-c210369b54f4}</UniqueIdentifier>
    </Filter>
  </ItemGroup>
  <ItemGroup>
    <ClCompile Include="main.cpp">
      <Filter>Source Files</Filter>
    </ClCompile>
    <ClCompile Include="Engine.cpp">
      <Filter>Source Files\Core</Filter>
    </ClCompile>
    <ClCompile Include="Timer.cpp">
      <Filter>Source Files\Core</Filter>
    </ClCompile>
    <ClCompile Include="StateManager.cpp">
      <Filter>Source Files\Core\State</Filter>
    </ClCompile>
    <ClCompile Include="TextureManager.cpp">
      <Filter>Source Files\Core\Texture</Filter>
    </ClCompile>
    <ClCompile Include="Texture.cpp">
      <Filter>Source Files\Core\Texture</Filter>
    </ClCompile>
    <ClCompile Include="StateBase.cpp">
      <Filter>Source Files\Core\State</Filter>
    </ClCompile>
    <ClCompile Include="AdListener.cpp">
      <Filter>Source Files\Core\Event</Filter>
    </ClCompile>
    <ClCompile Include="EventManager.cpp">
      <Filter>Source Files\Core\Event</Filter>
    </ClCompile>
    <ClCompile Include="InputManager.cpp">
      <Filter>Source Files\Core\Event</Filter>
    </ClCompile>
  </ItemGroup>
  <ItemGroup>
    <ClInclude Include="Engine.h">
      <Filter>Header Files\Core</Filter>
    </ClInclude>
    <ClInclude Include="Timer.h">
      <Filter>Header Files\Core</Filter>
    </ClInclude>
    <ClInclude Include="Define.h">
      <Filter>Header Files</Filter>
    </ClInclude>
    <ClInclude Include="StateManager.h">
      <Filter>Header Files\Core\State</Filter>
    </ClInclude>
    <ClInclude Include="Texture.h">
      <Filter>Header Files\Core\Texture</Filter>
    </ClInclude>
    <ClInclude Include="TextureManager.h">
      <Filter>Header Files\Core\Texture</Filter>
    </ClInclude>
    <ClInclude Include="StateBase.h">
      <Filter>Header Files\Core\State</Filter>
    </ClInclude>
    <ClInclude Include="AdListener.h">
      <Filter>Header Files\Core\Event</Filter>
    </ClInclude>
    <ClInclude Include="EventManager.h">
      <Filter>Header Files\Core\Event</Filter>
    </ClInclude>
    <ClInclude Include="InputManager.h">
      <Filter>Header Files\Core\Event</Filter>
    </ClInclude>
    <ClInclude Include="resource.h">
      <Filter>Resource Files</Filter>
    </ClInclude>
  </ItemGroup>
  <ItemGroup>
    <ResourceCompile Include="FlappyBird.rc">
      <Filter>Resource Files</Filter>
    </ResourceCompile>
  </ItemGroup>
</Project>